
Microsoft Visual Studio Solution File, Format Version 12.00
# Visual Studio Version 17
VisualStudioVersion = 17.3.32901.215
MinimumVisualStudioVersion = 10.0.40219.1
Project("{FAE04EC0-301F-11D3-BF4B-00C04F79EFBC}") = "HubMessenger", "HubMessenger\HubMessenger.csproj", "{748569F6-88D6-4E84-9364-D83F902D5B9A}"
EndProject
Project("{FAE04EC0-301F-11D3-BF4B-00C04F79EFBC}") = "HubMessenger.Models", "HubMessenger.Models\HubMessenger.Models.csproj", "{509C4B13-475B-4E54-B62B-C576A41855D2}"
EndProject
Global
	GlobalSection(SolutionConfigurationPlatforms) = preSolution
		Debug|Any CPU = Debug|Any CPU
		Release|Any CPU = Release|Any CPU
	EndGlobalSection
	GlobalSection(ProjectConfigurationPlatforms) = postSolution
		{748569F6-88D6-4E84-9364-D83F902D5B9A}.Debug|Any CPU.ActiveCfg = Debug|Any CPU
		{748569F6-88D6-4E84-9364-D83F902D5B9A}.Debug|Any CPU.Build.0 = Debug|Any CPU
		{748569F6-88D6-4E84-9364-D83F902D5B9A}.Release|Any CPU.ActiveCfg = Release|Any CPU
		{748569F6-88D6-4E84-9364-D83F902D5B9A}.Release|Any CPU.Build.0 = Release|Any CPU
		{509C4B13-475B-4E54-B62B-C576A41855D2}.Debug|Any CPU.ActiveCfg = Debug|Any CPU
		{509C4B13-475B-4E54-B62B-C576A41855D2}.Debug|Any CPU.Build.0 = Debug|Any CPU
		{509C4B13-475B-4E54-B62B-C576A41855D2}.Release|Any CPU.ActiveCfg = Release|Any CPU
		{509C4B13-475B-4E54-B62B-C576A41855D2}.Release|Any CPU.Build.0 = Release|Any CPU
	EndGlobalSection
	GlobalSection(SolutionProperties) = preSolution
		HideSolutionNode = FALSE
	EndGlobalSection
	GlobalSection(ExtensibilityGlobals) = postSolution
		SolutionGuid = {EE43E435-B675-4FA7-A379-39EE533079F1}
	EndGlobalSection
EndGlobal
